
Microsoft Visual Studio Solution File, Format Version 12.00
# Visual Studio Version 17
VisualStudioVersion = 17.11.35312.102
MinimumVisualStudioVersion = 10.0.40219.1
Project("{FAE04EC0-301F-11D3-BF4B-00C04F79EFBC}") = "CompilerTraining", "CompilerTraining\CompilerTraining.csproj", "{ECCC6FED-31BC-4594-A222-468EDFBA91BB}"
EndProject
Global
	GlobalSection(SolutionConfigurationPlatforms) = preSolution
		Debug|Any CPU = Debug|Any CPU
		Release|Any CPU = Release|Any CPU
	EndGlobalSection
	GlobalSection(ProjectConfigurationPlatforms) = postSolution
		{ECCC6FED-31BC-4594-A222-468EDFBA91BB}.Debug|Any CPU.ActiveCfg = Debug|Any CPU
		{ECCC6FED-31BC-4594-A222-468EDFBA91BB}.Debug|Any CPU.Build.0 = Debug|Any CPU
		{ECCC6FED-31BC-4594-A222-468EDFBA91BB}.Release|Any CPU.ActiveCfg = Release|Any CPU
		{ECCC6FED-31BC-4594-A222-468EDFBA91BB}.Release|Any CPU.Build.0 = Release|Any CPU
	EndGlobalSection
	GlobalSection(SolutionProperties) = preSolution
		HideSolutionNode = FALSE
	EndGlobalSection
	GlobalSection(ExtensibilityGlobals) = postSolution
		SolutionGuid = {04F73B01-1E8B-413F-BBF6-E6C00BC426B6}
	EndGlobalSection
EndGlobal
